{
  "nodes": {
    "desktop": {
      "inputs": {
        "flake-utils": [
          "flake-utils"
        ],
        "nixpkgs": [
          "nixpkgs"
        ]
      },
      "locked": {
        "path": "./apps/desktop",
        "type": "path"
      },
      "original": {
        "path": "./apps/desktop",
        "type": "path"
      },
      "parent": []
    },
    "flake-utils": {
      "inputs": {
        "systems": "systems"
      },
      "locked": {
        "lastModified": 1731533236,
        "narHash": "sha256-l0KFg5HjrsfsO/JpG+r7fRrqm12kzFHyUHqHCVpMMbI=",
        "owner": "numtide",
        "repo": "flake-utils",
        "rev": "11707dc2f618dd54ca8739b309ec4fc024de578b",
        "type": "github"
      },
      "original": {
        "owner": "numtide",
        "repo": "flake-utils",
        "type": "github"
      }
    },
    "gateway-module": {
      "inputs": {
        "flake-utils": [
          "flake-utils"
        ],
        "nixpkgs": [
          "nixpkgs"
        ],
        "viewer": "viewer"
      },
      "locked": {
        "path": "./services/gateway",
        "type": "path"
      },
      "original": {
        "path": "./services/gateway",
        "type": "path"
      },
      "parent": []
    },
    "herdr": {
      "inputs": {
        "nixpkgs": "nixpkgs",
        "rust-overlay": "rust-overlay"
      },
      "locked": {
        "lastModified": 1789583424,
        "narHash": "sha256-N6+kprfWRyh0AkAiopkGsNXUGGORyPVFHEaDHCpGQs8=",
        "owner": "herdrdev",
        "repo": "herdr",
        "rev": "065ef9d6a531c49fb8bee7e818ef837065b21ee9",
        "type": "github"
      },
      "original": {
        "owner": "herdrdev",
        "ref": "v0.9.1",
        "repo": "herdr",
        "type": "github"
      }
    },
    "llm": {
      "inputs": {
        "flake-utils": [
          "flake-utils"
        ],
        "nixpkgs": [
          "nixpkgs"
        ]
      },
      "locked": {
        "path": "./services/llm",
        "type": "path"
      },
      "original": {
        "path": "./services/llm",
        "type": "path"
      },
      "parent": []
    },
    "nixpkgs": {
      "locked": {
        "lastModified": 1779911860,
        "narHash": "sha256-ubcLAcKBDCZjhxw/kH5DL5GdBZQdzLqpkTe7HonvJVs=",
        "owner": "NixOS",
        "repo": "nixpkgs",
        "rev": "c0a89c379b4ac67c7b13b051ddbd4e0dbc9b0eaf",
        "type": "github"
      },
      "original": {
        "owner": "NixOS",
        "ref": "nixos-unstable",
        "repo": "nixpkgs",
        "type": "github"
      }
    },
    "nixpkgs_2": {
      "locked": {
        "lastModified": 1786599213,
        "narHash": "sha256-yNJd40f11EzXBjSByCB7IPpeFFAdeoSKKM67dGkfFoU=",
        "owner": "NixOS",
        "repo": "nixpkgs",
        "rev": "0e251e24a4f24e036a084b6b4b2d2491af4167f4",
        "type": "github"
      },
      "original": {
        "owner": "NixOS",
        "ref": "nixos-unstable",
        "repo": "nixpkgs",
        "type": "github"
      }
    },
    "root": {
      "inputs": {
        "desktop": "desktop",
        "flake-utils": "flake-utils",
        "gateway-module": "gateway-module",
        "herdr": "herdr",
        "llm": "llm",
        "nixpkgs": "nixpkgs_2",
        "server": "server",
        "stt": "stt",
        "tts": "tts",
        "viewer": "viewer_2"
      }
    },
    "rust-overlay": {
      "inputs": {
        "nixpkgs": [
          "herdr",
          "nixpkgs"
        ]
      },
      "locked": {
        "lastModified": 1783577481,
        "narHash": "sha256-EWMxOWrJ031f8f/lrcEmhTRs4npw1/5N3Hcjin846c8=",
        "owner": "oxalica",
        "repo": "rust-overlay",
        "rev": "4cdea398dc491b082dccdce0fad1ed0b75fa3394",
        "type": "github"
      },
      "original": {
        "owner": "oxalica",
        "repo": "rust-overlay",
        "type": "github"
      }
    },
    "server": {
      "inputs": {
        "flake-utils": [
          "flake-utils"
        ],
        "nixpkgs": [
          "nixpkgs"
        ]
      },
      "locked": {
        "path": "./services/server",
        "type": "path"
      },
      "original": {
        "path": "./services/server",
        "type": "path"
      },
      "parent": []
    },
    "stt": {
      "inputs": {
        "flake-utils": [
          "flake-utils"
        ],
        "nixpkgs": [
          "nixpkgs"
        ]
      },
      "locked": {
        "path": "./services/stt",
        "type": "path"
      },
      "original": {
        "path": "./services/stt",
        "type": "path"
      },
      "parent": []
    },
    "systems": {
      "locked": {
        "lastModified": 1681028828,
        "narHash": "sha256-Vy1rq5AaRuLzOxct8nz4T6wlgyUR7zLU309k9mBC768=",
        "owner": "nix-systems",
        "repo": "default",
        "rev": "da67096a3b9bf56a91d16901293e51ba5b49a27e",
        "type": "github"
      },
      "original": {
        "owner": "nix-systems",
        "repo": "default",
        "type": "github"
      }
    },
    "tts": {
      "inputs": {
        "nixpkgs": [
          "nixpkgs"
        ]
      },
      "locked": {
        "path": "./services/tts",
        "type": "path"
      },
      "original": {
        "path": "./services/tts",
        "type": "path"
      },
      "parent": []
    },
    "viewer": {
      "inputs": {
        "flake-utils": [
          "gateway-module",
          "flake-utils"
        ],
        "nixpkgs": [
          "gateway-module",
          "nixpkgs"
        ]
      },
      "locked": {
        "path": "../viewer",
        "type": "path"
      },
      "original": {
        "path": "../viewer",
        "type": "path"
      },
      "parent": [
        "gateway-module"
      ]
    },
    "viewer_2": {
      "inputs": {
        "flake-utils": [
          "flake-utils"
        ],
        "nixpkgs": [
          "nixpkgs"
        ]
      },
      "locked": {
        "path": "./services/viewer",
        "type": "path"
      },
      "original": {
        "path": "./services/viewer",
        "type": "path"
      },
      "parent": []
    }
  },
  "root": "root",
  "version": 7
}
